
Microsoft Visual Studio Solution File, Format Version 12.00
# Visual Studio Version 16
VisualStudioVersion = 16.0.29911.84
MinimumVisualStudioVersion = 10.0.40219.1
Project("{FAE04EC0-301F-11D3-BF4B-00C04F79EFBC}") = "Учебная практика", "Учебная практика\Учебная практика.csproj", "{0080C87E-9925-4717-97A1-02298E25926C}"
EndProject
Global
	GlobalSection(SolutionConfigurationPlatforms) = preSolution
		Debug|Any CPU = Debug|Any CPU
		Release|Any CPU = Release|Any CPU
	EndGlobalSection
	GlobalSection(ProjectConfigurationPlatforms) = postSolution
		{0080C87E-9925-4717-97A1-02298E25926C}.Debug|Any CPU.ActiveCfg = Debug|Any CPU
		{0080C87E-9925-4717-97A1-02298E25926C}.Debug|Any CPU.Build.0 = Debug|Any CPU
		{0080C87E-9925-4717-97A1-02298E25926C}.Release|Any CPU.ActiveCfg = Release|Any CPU
		{0080C87E-9925-4717-97A1-02298E25926C}.Release|Any CPU.Build.0 = Release|Any CPU
	EndGlobalSection
	GlobalSection(SolutionProperties) = preSolution
		HideSolutionNode = FALSE
	EndGlobalSection
	GlobalSection(ExtensibilityGlobals) = postSolution
		SolutionGuid = {AB084654-C85E-4014-B10D-0369261F65A4}
	EndGlobalSection
EndGlobal
